Microsoft Visual Studio Solution File, Format Version 12.00
# Visual Studio Version 17
VisualStudioVersion = 17.5.2.0
MinimumVisualStudioVersion = 10.0.40219.1
Project("{FAE04EC0-301F-11D3-BF4B-00C04F79EFBC}") = "MvcBlog", "MvcBlog.csproj", "{0898B6F6-7ECC-7E56-399B-AE9558ABC1D9}"
EndProject
Project("{2150E333-8FDC-42A3-9474-1A3956D46DE8}") = "Data", "Data", "{015FE221-96B2-289B-A0E8-6E7354784A75}"
	ProjectSection(SolutionItems) = preProject
		BlogContext.cs = BlogContext.cs
	EndProjectSection
EndProject
Global
	GlobalSection(SolutionConfigurationPlatforms) = preSolution
		Debug|Any CPU = Debug|Any CPU
		Release|Any CPU = Release|Any CPU
	EndGlobalSection
	GlobalSection(ProjectConfigurationPlatforms) = postSolution
		{0898B6F6-7ECC-7E56-399B-AE9558ABC1D9}.Debug|Any CPU.ActiveCfg = Debug|Any CPU
		{0898B6F6-7ECC-7E56-399B-AE9558ABC1D9}.Debug|Any CPU.Build.0 = Debug|Any CPU
		{0898B6F6-7ECC-7E56-399B-AE9558ABC1D9}.Release|Any CPU.ActiveCfg = Release|Any CPU
		{0898B6F6-7ECC-7E56-399B-AE9558ABC1D9}.Release|Any CPU.Build.0 = Release|Any CPU
	EndGlobalSection
	GlobalSection(SolutionProperties) = preSolution
		HideSolutionNode = FALSE
	EndGlobalSection
	GlobalSection(ExtensibilityGlobals) = postSolution
		SolutionGuid = {C5E85B53-EB02-4D38-B299-7A14E01E04A2}
	EndGlobalSection
EndGlobal
